
Microsoft Visual Studio Solution File, Format Version 12.00
# Visual Studio Version 16
VisualStudioVersion = 16.0.31205.134
MinimumVisualStudioVersion = 10.0.40219.1
Project("{FAE04EC0-301F-11D3-BF4B-00C04F79EFBC}") = "insti", "insti\insti.csproj", "{E7EF2055-7136-47D9-96A3-8F0FD1F31D93}"
EndProject
Global
	GlobalSection(SolutionConfigurationPlatforms) = preSolution
		Debug|Any CPU = Debug|Any CPU
		Release|Any CPU = Release|Any CPU
	EndGlobalSection
	GlobalSection(ProjectConfigurationPlatforms) = postSolution
		{E7EF2055-7136-47D9-96A3-8F0FD1F31D93}.Debug|Any CPU.ActiveCfg = Debug|Any CPU
		{E7EF2055-7136-47D9-96A3-8F0FD1F31D93}.Debug|Any CPU.Build.0 = Debug|Any CPU
		{E7EF2055-7136-47D9-96A3-8F0FD1F31D93}.Release|Any CPU.ActiveCfg = Release|Any CPU
		{E7EF2055-7136-47D9-96A3-8F0FD1F31D93}.Release|Any CPU.Build.0 = Release|Any CPU
	EndGlobalSection
	GlobalSection(SolutionProperties) = preSolution
		HideSolutionNode = FALSE
	EndGlobalSection
	GlobalSection(ExtensibilityGlobals) = postSolution
		SolutionGuid = {3BE6405C-95CD-48CD-8548-439738BBB841}
	EndGlobalSection
EndGlobal
